
Microsoft Visual Studio Solution File, Format Version 12.00
# Visual Studio Version 17
VisualStudioVersion = 17.5.002.0
MinimumVisualStudioVersion = 10.0.40219.1
Project("{9A19103F-16F7-4668-BE54-9A1E7A4F7556}") = "UsandoMetodosAnonimos", "UsandoMetodosAnonimos.csproj", "{FDAF3421-C725-4774-8376-994F71DFA69F}"
EndProject
Global
	GlobalSection(SolutionConfigurationPlatforms) = preSolution
		Debug|Any CPU = Debug|Any CPU
		Release|Any CPU = Release|Any CPU
	EndGlobalSection
	GlobalSection(ProjectConfigurationPlatforms) = postSolution
		{FDAF3421-C725-4774-8376-994F71DFA69F}.Debug|Any CPU.ActiveCfg = Debug|Any CPU
		{FDAF3421-C725-4774-8376-994F71DFA69F}.Debug|Any CPU.Build.0 = Debug|Any CPU
		{FDAF3421-C725-4774-8376-994F71DFA69F}.Release|Any CPU.ActiveCfg = Release|Any CPU
		{FDAF3421-C725-4774-8376-994F71DFA69F}.Release|Any CPU.Build.0 = Release|Any CPU
	EndGlobalSection
	GlobalSection(SolutionProperties) = preSolution
		HideSolutionNode = FALSE
	EndGlobalSection
	GlobalSection(ExtensibilityGlobals) = postSolution
		SolutionGuid = {30466473-B585-41C0-947A-3945E72A0A7C}
	EndGlobalSection
EndGlobal
